
Microsoft Visual Studio Solution File, Format Version 12.00
# Visual Studio Version 17
VisualStudioVersion = 17.7.34031.279
MinimumVisualStudioVersion = 10.0.40219.1
Project("{FAE04EC0-301F-11D3-BF4B-00C04F79EFBC}") = "BookStore.Data", "BookStore.Datra\BookStore.Data.csproj", "{2204F39E-4810-43A5-B74A-97477AAE199F}"
EndProject
Project("{FAE04EC0-301F-11D3-BF4B-00C04F79EFBC}") = "BookStore.Admin", "BookStore.Admin\BookStore.Admin.csproj", "{7780D6D8-3DBE-4F37-87F8-291C2B7CF310}"
EndProject
Project("{2150E333-8FDC-42A3-9474-1A3956D46DE8}") = "docs", "docs", "{874C1058-4C78-4B90-AFF3-8B03A859029D}"
	ProjectSection(SolutionItems) = preProject
		Odev.txt = Odev.txt
		Readme.md = Readme.md
	EndProjectSection
EndProject
Global
	GlobalSection(SolutionConfigurationPlatforms) = preSolution
		Debug|Any CPU = Debug|Any CPU
		Release|Any CPU = Release|Any CPU
	EndGlobalSection
	GlobalSection(ProjectConfigurationPlatforms) = postSolution
		{2204F39E-4810-43A5-B74A-97477AAE199F}.Debug|Any CPU.ActiveCfg = Debug|Any CPU
		{2204F39E-4810-43A5-B74A-97477AAE199F}.Debug|Any CPU.Build.0 = Debug|Any CPU
		{2204F39E-4810-43A5-B74A-97477AAE199F}.Release|Any CPU.ActiveCfg = Release|Any CPU
		{2204F39E-4810-43A5-B74A-97477AAE199F}.Release|Any CPU.Build.0 = Release|Any CPU
		{7780D6D8-3DBE-4F37-87F8-291C2B7CF310}.Debug|Any CPU.ActiveCfg = Debug|Any CPU
		{7780D6D8-3DBE-4F37-87F8-291C2B7CF310}.Debug|Any CPU.Build.0 = Debug|Any CPU
		{7780D6D8-3DBE-4F37-87F8-291C2B7CF310}.Release|Any CPU.ActiveCfg = Release|Any CPU
		{7780D6D8-3DBE-4F37-87F8-291C2B7CF310}.Release|Any CPU.Build.0 = Release|Any CPU
	EndGlobalSection
	GlobalSection(SolutionProperties) = preSolution
		HideSolutionNode = FALSE
	EndGlobalSection
	GlobalSection(ExtensibilityGlobals) = postSolution
		SolutionGuid = {D0CA4051-CA48-48B1-BEBA-87F8DDAD4475}
	EndGlobalSection
EndGlobal
